
Microsoft Visual Studio Solution File, Format Version 12.00
# Visual Studio Version 16
VisualStudioVersion = 16.0.32929.386
MinimumVisualStudioVersion = 10.0.40219.1
Project("{9A19103F-16F7-4668-BE54-9A1E7A4F7556}") = "1. Integer Operations", "Data Types and Variables\1. Integer Operations.csproj", "{6B3F6078-EFB5-45E8-A58C-5ECB2237AE8A}"
EndProject
Project("{9A19103F-16F7-4668-BE54-9A1E7A4F7556}") = "2. Sum Digits", "2. Sum Digits\2. Sum Digits.csproj", "{07C2CC65-59BA-47CE-9D6F-1890902F5BBA}"
EndProject
Project("{9A19103F-16F7-4668-BE54-9A1E7A4F7556}") = "3. Elevator", "03. Elevator\3. Elevator.csproj", "{8B50BD1B-DAA7-4B08-B2BE-C61DFB7B63DA}"
EndProject
Project("{9A19103F-16F7-4668-BE54-9A1E7A4F7556}") = "4. Sum of Chars", "4. Sum of Chars\4. Sum of Chars.csproj", "{4C1CBD9D-4E4B-40F8-8B28-D40B5231DB91}"
EndProject
Project("{9A19103F-16F7-4668-BE54-9A1E7A4F7556}") = "5. Print Part of the ASCII Table", "5. Print Part of the ASCII Table\5. Print Part of the ASCII Table.csproj", "{1BAAE01A-9F76-4F12-8EDE-AE2EBB2538A6}"
EndProject
Project("{9A19103F-16F7-4668-BE54-9A1E7A4F7556}") = "6. Triples of Latin Letters", "6. Triples of Latin Letters\6. Triples of Latin Letters.csproj", "{0E0F40C9-78E8-4393-A689-79A8264CEA30}"
EndProject
Project("{9A19103F-16F7-4668-BE54-9A1E7A4F7556}") = "7. Water Overflow", "7. Water Overflow\7. Water Overflow.csproj", "{77C883E4-997E-44E1-960F-481C9914E227}"
EndProject
Project("{9A19103F-16F7-4668-BE54-9A1E7A4F7556}") = "8. Beer Kegs", "8. Beer Kegs\8. Beer Kegs.csproj", "{69D7869E-7575-4528-8E99-9A873B9B4968}"
EndProject
Project("{FAE04EC0-301F-11D3-BF4B-00C04F79EFBC}") = "9. Spice Must Flow", "9. Spice Must Flow\9. Spice Must Flow.csproj", "{0FA37436-46DE-4552-9A6A-BC8424B04652}"
EndProject
Project("{FAE04EC0-301F-11D3-BF4B-00C04F79EFBC}") = "10. Pokemon", "10. Pokemon\10. Pokemon.csproj", "{DCF90359-46B6-4FD3-840F-3E0C6911B275}"
EndProject
Project("{FAE04EC0-301F-11D3-BF4B-00C04F79EFBC}") = "11. Snowballs", "11. Snowballs\11. Snowballs.csproj", "{F8A240E9-2716-4084-98D4-CCD126058EE5}"
EndProject
Global
	GlobalSection(SolutionConfigurationPlatforms) = preSolution
		Debug|Any CPU = Debug|Any CPU
		Release|Any CPU = Release|Any CPU
	EndGlobalSection
	GlobalSection(ProjectConfigurationPlatforms) = postSolution
		{6B3F6078-EFB5-45E8-A58C-5ECB2237AE8A}.Debug|Any CPU.ActiveCfg = Debug|Any CPU
		{6B3F6078-EFB5-45E8-A58C-5ECB2237AE8A}.Debug|Any CPU.Build.0 = Debug|Any CPU
		{6B3F6078-EFB5-45E8-A58C-5ECB2237AE8A}.Release|Any CPU.ActiveCfg = Release|Any CPU
		{6B3F6078-EFB5-45E8-A58C-5ECB2237AE8A}.Release|Any CPU.Build.0 = Release|Any CPU
		{07C2CC65-59BA-47CE-9D6F-1890902F5BBA}.Debug|Any CPU.ActiveCfg = Debug|Any CPU
		{07C2CC65-59BA-47CE-9D6F-1890902F5BBA}.Debug|Any CPU.Build.0 = Debug|Any CPU
		{07C2CC65-59BA-47CE-9D6F-1890902F5BBA}.Release|Any CPU.ActiveCfg = Release|Any CPU
		{07C2CC65-59BA-47CE-9D6F-1890902F5BBA}.Release|Any CPU.Build.0 = Release|Any CPU
		{8B50BD1B-DAA7-4B08-B2BE-C61DFB7B63DA}.Debug|Any CPU.ActiveCfg = Debug|Any CPU
		{8B50BD1B-DAA7-4B08-B2BE-C61DFB7B63DA}.Debug|Any CPU.Build.0 = Debug|Any CPU
		{8B50BD1B-DAA7-4B08-B2BE-C61DFB7B63DA}.Release|Any CPU.ActiveCfg = Release|Any CPU
		{8B50BD1B-DAA7-4B08-B2BE-C61DFB7B63DA}.Release|Any CPU.Build.0 = Release|Any CPU
		{4C1CBD9D-4E4B-40F8-8B28-D40B5231DB91}.Debug|Any CPU.ActiveCfg = Debug|Any CPU
		{4C1CBD9D-4E4B-40F8-8B28-D40B5231DB91}.Debug|Any CPU.Build.0 = Debug|Any CPU
		{4C1CBD9D-4E4B-40F8-8B28-D40B5231DB91}.Release|Any CPU.ActiveCfg = Release|Any CPU
		{4C1CBD9D-4E4B-40F8-8B28-D40B5231DB91}.Release|Any CPU.Build.0 = Release|Any CPU
		{1BAAE01A-9F76-4F12-8EDE-AE2EBB2538A6}.Debug|Any CPU.ActiveCfg = Debug|Any CPU
		{1BAAE01A-9F76-4F12-8EDE-AE2EBB2538A6}.Debug|Any CPU.Build.0 = Debug|Any CPU
		{1BAAE01A-9F76-4F12-8EDE-AE2EBB2538A6}.Release|Any CPU.ActiveCfg = Release|Any CPU
		{1BAAE01A-9F76-4F12-8EDE-AE2EBB2538A6}.Release|Any CPU.Build.0 = Release|Any CPU
		{0E0F40C9-78E8-4393-A689-79A8264CEA30}.Debug|Any CPU.ActiveCfg = Debug|Any CPU
		{0E0F40C9-78E8-4393-A689-79A8264CEA30}.Debug|Any CPU.Build.0 = Debug|Any CPU
		{0E0F40C9-78E8-4393-A689-79A8264CEA30}.Release|Any CPU.ActiveCfg = Release|Any CPU
		{0E0F40C9-78E8-4393-A689-79A8264CEA30}.Release|Any CPU.Build.0 = Release|Any CPU
		{77C883E4-997E-44E1-960F-481C9914E227}.Debug|Any CPU.ActiveCfg = Debug|Any CPU
		{77C883E4-997E-44E1-960F-481C9914E227}.Debug|Any CPU.Build.0 = Debug|Any CPU
		{77C883E4-997E-44E1-960F-481C9914E227}.Release|Any CPU.ActiveCfg = Release|Any CPU
		{77C883E4-997E-44E1-960F-481C9914E227}.Release|Any CPU.Build.0 = Release|Any CPU
		{69D7869E-7575-4528-8E99-9A873B9B4968}.Debug|Any CPU.ActiveCfg = Debug|Any CPU
		{69D7869E-7575-4528-8E99-9A873B9B4968}.Debug|Any CPU.Build.0 = Debug|Any CPU
		{69D7869E-7575-4528-8E99-9A873B9B4968}.Release|Any CPU.ActiveCfg = Release|Any CPU
		{69D7869E-7575-4528-8E99-9A873B9B4968}.Release|Any CPU.Build.0 = Release|Any CPU
		{0FA37436-46DE-4552-9A6A-BC8424B04652}.Debug|Any CPU.ActiveCfg = Debug|Any CPU
		{0FA37436-46DE-4552-9A6A-BC8424B04652}.Debug|Any CPU.Build.0 = Debug|Any CPU
		{0FA37436-46DE-4552-9A6A-BC8424B04652}.Release|Any CPU.ActiveCfg = Release|Any CPU
		{0FA37436-46DE-4552-9A6A-BC8424B04652}.Release|Any CPU.Build.0 = Release|Any CPU
		{DCF90359-46B6-4FD3-840F-3E0C6911B275}.Debug|Any CPU.ActiveCfg = Debug|Any CPU
		{DCF90359-46B6-4FD3-840F-3E0C6911B275}.Debug|Any CPU.Build.0 = Debug|Any CPU
		{DCF90359-46B6-4FD3-840F-3E0C6911B275}.Release|Any CPU.ActiveCfg = Release|Any CPU
		{DCF90359-46B6-4FD3-840F-3E0C6911B275}.Release|Any CPU.Build.0 = Release|Any CPU
		{F8A240E9-2716-4084-98D4-CCD126058EE5}.Debug|Any CPU.ActiveCfg = Debug|Any CPU
		{F8A240E9-2716-4084-98D4-CCD126058EE5}.Debug|Any CPU.Build.0 = Debug|Any CPU
		{F8A240E9-2716-4084-98D4-CCD126058EE5}.Release|Any CPU.ActiveCfg = Release|Any CPU
		{F8A240E9-2716-4084-98D4-CCD126058EE5}.Release|Any CPU.Build.0 = Release|Any CPU
	EndGlobalSection
	GlobalSection(SolutionProperties) = preSolution
		HideSolutionNode = FALSE
	EndGlobalSection
	GlobalSection(ExtensibilityGlobals) = postSolution
		SolutionGuid = {02D3CD1A-FAFD-4A64-A4B9-87C693E8BDC0}
	EndGlobalSection
EndGlobal
