
Microsoft Visual Studio Solution File, Format Version 12.00
# Visual Studio Version 17
VisualStudioVersion = 17.4.33103.184
MinimumVisualStudioVersion = 10.0.40219.1
Project("{9A19103F-16F7-4668-BE54-9A1E7A4F7556}") = "1. Train", "1. Train\1. Train.csproj", "{6CB4A9AB-23B7-41BE-9ED6-23273E5A170D}"
EndProject
Project("{9A19103F-16F7-4668-BE54-9A1E7A4F7556}") = "2. Common Elements", "2. Common Elements\2. Common Elements.csproj", "{19C33349-D3FD-4C0B-9FBC-9335AE87C855}"
EndProject
Project("{9A19103F-16F7-4668-BE54-9A1E7A4F7556}") = "3. Zig-Zag Arrays", "3. Zig-Zag Arrays\3. Zig-Zag Arrays.csproj", "{1639CD53-FFC0-4F84-8D50-2C2DCEB93519}"
EndProject
Project("{FAE04EC0-301F-11D3-BF4B-00C04F79EFBC}") = "4. Array Rotation", "4. Array Rotation\4. Array Rotation.csproj", "{8DD5F3A6-96AB-4EE2-AAF4-5D56ED5DCCAB}"
EndProject
Global
	GlobalSection(SolutionConfigurationPlatforms) = preSolution
		Debug|Any CPU = Debug|Any CPU
		Release|Any CPU = Release|Any CPU
	EndGlobalSection
	GlobalSection(ProjectConfigurationPlatforms) = postSolution
		{6CB4A9AB-23B7-41BE-9ED6-23273E5A170D}.Debug|Any CPU.ActiveCfg = Debug|Any CPU
		{6CB4A9AB-23B7-41BE-9ED6-23273E5A170D}.Debug|Any CPU.Build.0 = Debug|Any CPU
		{6CB4A9AB-23B7-41BE-9ED6-23273E5A170D}.Release|Any CPU.ActiveCfg = Release|Any CPU
		{6CB4A9AB-23B7-41BE-9ED6-23273E5A170D}.Release|Any CPU.Build.0 = Release|Any CPU
		{19C33349-D3FD-4C0B-9FBC-9335AE87C855}.Debug|Any CPU.ActiveCfg = Debug|Any CPU
		{19C33349-D3FD-4C0B-9FBC-9335AE87C855}.Debug|Any CPU.Build.0 = Debug|Any CPU
		{19C33349-D3FD-4C0B-9FBC-9335AE87C855}.Release|Any CPU.ActiveCfg = Release|Any CPU
		{19C33349-D3FD-4C0B-9FBC-9335AE87C855}.Release|Any CPU.Build.0 = Release|Any CPU
		{1639CD53-FFC0-4F84-8D50-2C2DCEB93519}.Debug|Any CPU.ActiveCfg = Debug|Any CPU
		{1639CD53-FFC0-4F84-8D50-2C2DCEB93519}.Debug|Any CPU.Build.0 = Debug|Any CPU
		{1639CD53-FFC0-4F84-8D50-2C2DCEB93519}.Release|Any CPU.ActiveCfg = Release|Any CPU
		{1639CD53-FFC0-4F84-8D50-2C2DCEB93519}.Release|Any CPU.Build.0 = Release|Any CPU
		{8DD5F3A6-96AB-4EE2-AAF4-5D56ED5DCCAB}.Debug|Any CPU.ActiveCfg = Debug|Any CPU
		{8DD5F3A6-96AB-4EE2-AAF4-5D56ED5DCCAB}.Debug|Any CPU.Build.0 = Debug|Any CPU
		{8DD5F3A6-96AB-4EE2-AAF4-5D56ED5DCCAB}.Release|Any CPU.ActiveCfg = Release|Any CPU
		{8DD5F3A6-96AB-4EE2-AAF4-5D56ED5DCCAB}.Release|Any CPU.Build.0 = Release|Any CPU
	EndGlobalSection
	GlobalSection(SolutionProperties) = preSolution
		HideSolutionNode = FALSE
	EndGlobalSection
	GlobalSection(ExtensibilityGlobals) = postSolution
		SolutionGuid = {0662FBE9-29F8-4463-B556-318DA266605F}
	EndGlobalSection
EndGlobal
