
Microsoft Visual Studio Solution File, Format Version 12.00
# Visual Studio Version 16
VisualStudioVersion = 16.0.32929.386
MinimumVisualStudioVersion = 10.0.40219.1
Project("{9A19103F-16F7-4668-BE54-9A1E7A4F7556}") = "1. Data Type Finder", "Data Types and Variables - More\1. Data Type Finder.csproj", "{353A67EA-26BC-4445-B838-E6F42C9756A2}"
EndProject
Project("{9A19103F-16F7-4668-BE54-9A1E7A4F7556}") = "2. From Left to the Right", "2. From Left to the Right\2. From Left to the Right.csproj", "{BB282234-E5D3-46A2-A918-37832880456E}"
EndProject
Project("{9A19103F-16F7-4668-BE54-9A1E7A4F7556}") = "3. Floating Equality", "3. Floating Equality\3. Floating Equality.csproj", "{F2AB474F-A1AF-4412-ABFC-5850F01D66B3}"
EndProject
Project("{9A19103F-16F7-4668-BE54-9A1E7A4F7556}") = "4. Refactoring Prime Checker", "4. Refactoring Prime Checker\4. Refactoring Prime Checker.csproj", "{319278E2-A638-4412-B224-4022ACDE1979}"
EndProject
Project("{FAE04EC0-301F-11D3-BF4B-00C04F79EFBC}") = "5. Decrypting messages", "5. Decrypting messages\5. Decrypting messages.csproj", "{91C6A34A-BF97-420B-9881-C33BD7110A16}"
EndProject
Global
	GlobalSection(SolutionConfigurationPlatforms) = preSolution
		Debug|Any CPU = Debug|Any CPU
		Release|Any CPU = Release|Any CPU
	EndGlobalSection
	GlobalSection(ProjectConfigurationPlatforms) = postSolution
		{353A67EA-26BC-4445-B838-E6F42C9756A2}.Debug|Any CPU.ActiveCfg = Debug|Any CPU
		{353A67EA-26BC-4445-B838-E6F42C9756A2}.Debug|Any CPU.Build.0 = Debug|Any CPU
		{353A67EA-26BC-4445-B838-E6F42C9756A2}.Release|Any CPU.ActiveCfg = Release|Any CPU
		{353A67EA-26BC-4445-B838-E6F42C9756A2}.Release|Any CPU.Build.0 = Release|Any CPU
		{BB282234-E5D3-46A2-A918-37832880456E}.Debug|Any CPU.ActiveCfg = Debug|Any CPU
		{BB282234-E5D3-46A2-A918-37832880456E}.Debug|Any CPU.Build.0 = Debug|Any CPU
		{BB282234-E5D3-46A2-A918-37832880456E}.Release|Any CPU.ActiveCfg = Release|Any CPU
		{BB282234-E5D3-46A2-A918-37832880456E}.Release|Any CPU.Build.0 = Release|Any CPU
		{F2AB474F-A1AF-4412-ABFC-5850F01D66B3}.Debug|Any CPU.ActiveCfg = Debug|Any CPU
		{F2AB474F-A1AF-4412-ABFC-5850F01D66B3}.Debug|Any CPU.Build.0 = Debug|Any CPU
		{F2AB474F-A1AF-4412-ABFC-5850F01D66B3}.Release|Any CPU.ActiveCfg = Release|Any CPU
		{F2AB474F-A1AF-4412-ABFC-5850F01D66B3}.Release|Any CPU.Build.0 = Release|Any CPU
		{319278E2-A638-4412-B224-4022ACDE1979}.Debug|Any CPU.ActiveCfg = Debug|Any CPU
		{319278E2-A638-4412-B224-4022ACDE1979}.Debug|Any CPU.Build.0 = Debug|Any CPU
		{319278E2-A638-4412-B224-4022ACDE1979}.Release|Any CPU.ActiveCfg = Release|Any CPU
		{319278E2-A638-4412-B224-4022ACDE1979}.Release|Any CPU.Build.0 = Release|Any CPU
		{91C6A34A-BF97-420B-9881-C33BD7110A16}.Debug|Any CPU.ActiveCfg = Debug|Any CPU
		{91C6A34A-BF97-420B-9881-C33BD7110A16}.Debug|Any CPU.Build.0 = Debug|Any CPU
		{91C6A34A-BF97-420B-9881-C33BD7110A16}.Release|Any CPU.ActiveCfg = Release|Any CPU
		{91C6A34A-BF97-420B-9881-C33BD7110A16}.Release|Any CPU.Build.0 = Release|Any CPU
	EndGlobalSection
	GlobalSection(SolutionProperties) = preSolution
		HideSolutionNode = FALSE
	EndGlobalSection
	GlobalSection(ExtensibilityGlobals) = postSolution
		SolutionGuid = {C8B1962A-5C3B-43B5-BB8A-B649987E29FE}
	EndGlobalSection
EndGlobal
